// !$*UTF8*$!
{
	archiveVersion = 1;
	classes = {
	};
	objectVersion = 46;
	objects = {

/* Begin PBXBuildFile section */
		211D3CE51EAC89480076A757 /* LoginService.swift in Sources */ = {isa = PBXBuildFile; fileRef = 211D3CE41EAC89480076A757 /* LoginService.swift */; };
		211D3CE71EAC89780076A757 /* User.swift in Sources */ = {isa = PBXBuildFile; fileRef = 211D3CE61EAC89780076A757 /* User.swift */; };
		211D3CE91EAC899A0076A757 /* Utility.swift in Sources */ = {isa = PBXBuildFile; fileRef = 211D3CE81EAC899A0076A757 /* Utility.swift */; };
		2129C2881EABA7830059ED37 /* AppDelegate.swift in Sources */ = {isa = PBXBuildFile; fileRef = 2129C2871EABA7830059ED37 /* AppDelegate.swift */; };
		2129C28A1EABA7830059ED37 /* ViewController.swift in Sources */ = {isa = PBXBuildFile; fileRef = 2129C2891EABA7830059ED37 /* ViewController.swift */; };
		2129C28D1EABA7840059ED37 /* Main.storyboard in Resources */ = {isa = PBXBuildFile; fileRef = 2129C28B1EABA7840059ED37 /* Main.storyboard */; };
		2129C28F1EABA7840059ED37 /* Assets.xcassets in Resources */ = {isa = PBXBuildFile; fileRef = 2129C28E1EABA7840059ED37 /* Assets.xcassets */; };
		2129C2921EABA7840059ED37 /* LaunchScreen.storyboard in Resources */ = {isa = PBXBuildFile; fileRef = 2129C2901EABA7840059ED37 /* LaunchScreen.storyboard */; };
		2129C29D1EABA7840059ED37 /* LoginApplicationTests.swift in Sources */ = {isa = PBXBuildFile; fileRef = 2129C29C1EABA7840059ED37 /* LoginApplicationTests.swift */; };
		2129C2A81EABA7840059ED37 /* LoginApplicationUITests.swift in Sources */ = {isa = PBXBuildFile; fileRef = 2129C2A71EABA7840059ED37 /* LoginApplicationUITests.swift */; };
/* End PBXBuildFile section */

/* Begin PBXContainerItemProxy section */
		2129C2991EABA7840059ED37 /* PBXContainerItemProxy */ = {
			isa = PBXContainerItemProxy;
			containerPortal = 2129C27C1EABA7830059ED37 /* Project object */;
			proxyType = 1;
			remoteGlobalIDString = 2129C2831EABA7830059ED37;
			remoteInfo = LoginApplication;
		};
		2129C2A41EABA7840059ED37 /* PBXContainerItemProxy */ = {
			isa = PBXContainerItemProxy;
			containerPortal = 2129C27C1EABA7830059ED37 /* Project object */;
			proxyType = 1;
			remoteGlobalIDString = 2129C2831EABA7830059ED37;
			remoteInfo = LoginApplication;
		};
/* End PBXContainerItemProxy section */

/* Begin PBXFileReference section */
		211D3CE41EAC89480076A757 /* LoginService.swift */ = {isa = PBXFileReference; fileEncoding = 4; lastKnownFileType = sourcecode.swift; path = LoginService.swift; sourceTree = "<group>"; };
		211D3CE61EAC89780076A757 /* User.swift */ = {isa = PBXFileReference; fileEncoding = 4; lastKnownFileType = sourcecode.swift; path = User.swift; sourceTree = "<group>"; };
		211D3CE81EAC899A0076A757 /* Utility.swift */ = {isa = PBXFileReference; fileEncoding = 4; lastKnownFileType = sourcecode.swift; path = Utility.swift; sourceTree = "<group>"; };
		2129C2841EABA7830059ED37 /* LoginApplication.app */ = {isa = PBXFileReference; explicitFileType = wrapper.application; includeInIndex = 0; path = LoginApplication.app; sourceTree = BUILT_PRODUCTS_DIR; };
		2129C2871EABA7830059ED37 /* AppDelegate.swift */ = {isa = PBXFileReference; lastKnownFileType = sourcecode.swift; path = AppDelegate.swift; sourceTree = "<group>"; };
		2129C2891EABA7830059ED37 /* ViewController.swift */ = {isa = PBXFileReference; lastKnownFileType = sourcecode.swift; path = ViewController.swift; sourceTree = "<group>"; };
		2129C28C1EABA7840059ED37 /* Base */ = {isa = PBXFileReference; lastKnownFileType = file.storyboard; name = Base; path = Base.lproj/Main.storyboard; sourceTree = "<group>"; };
		2129C28E1EABA7840059ED37 /* Assets.xcassets */ = {isa = PBXFileReference; lastKnownFileType = folder.assetcatalog; path = Assets.xcassets; sourceTree = "<group>"; };
		2129C2911EABA7840059ED37 /* Base */ = {isa = PBXFileReference; lastKnownFileType = file.storyboard; name = Base; path = Base.lproj/LaunchScreen.storyboard; sourceTree = "<group>"; };
		2129C2931EABA7840059ED37 /* Info.plist */ = {isa = PBXFileReference; lastKnownFileType = text.plist.xml; path = Info.plist; sourceTree = "<group>"; };
		2129C2981EABA7840059ED37 /* LoginApplicationTests.xctest */ = {isa = PBXFileReference; explicitFileType = wrapper.cfbundle; includeInIndex = 0; path = LoginApplicationTests.xctest; sourceTree = BUILT_PRODUCTS_DIR; };
		2129C29C1EABA7840059ED37 /* LoginApplicationTests.swift */ = {isa = PBXFileReference; lastKnownFileType = sourcecode.swift; path = LoginApplicationTests.swift; sourceTree = "<group>"; };
		2129C29E1EABA7840059ED37 /* Info.plist */ = {isa = PBXFileReference; lastKnownFileType = text.plist.xml; path = Info.plist; sourceTree = "<group>"; };
		2129C2A31EABA7840059ED37 /* LoginApplicationUITests.xctest */ = {isa = PBXFileReference; explicitFileType = wrapper.cfbundle; includeInIndex = 0; path = LoginApplicationUITests.xctest; sourceTree = BUILT_PRODUCTS_DIR; };
		2129C2A71EABA7840059ED37 /* LoginApplicationUITests.swift */ = {isa = PBXFileReference; lastKnownFileType = sourcecode.swift; path = LoginApplicationUITests.swift; sourceTree = "<group>"; };
		2129C2A91EABA7840059ED37 /* Info.plist */ = {isa = PBXFileReference; lastKnownFileType = text.plist.xml; path = Info.plist; sourceTree = "<group>"; };
/* End PBXFileReference section */

/* Begin PBXFrameworksBuildPhase section */
		2129C2811EABA7830059ED37 /* Frameworks */ = {
			isa = PBXFrameworksBuildPhase;
			buildActionMask = 2147483647;
			files = (
			);
			runOnlyForDeploymentPostprocessing = 0;
		};
		2129C2951EABA7840059ED37 /* Frameworks */ = {
			isa = PBXFrameworksBuildPhase;
			buildActionMask = 2147483647;
			files = (
			);
			runOnlyForDeploymentPostprocessing = 0;
		};
		2129C2A01EABA7840059ED37 /* Frameworks */ = {
			isa = PBXFrameworksBuildPhase;
			buildActionMask = 2147483647;
			files = (
			);
			runOnlyForDeploymentPostprocessing = 0;
		};
/* End PBXFrameworksBuildPhase section */

/* Begin PBXGroup section */
		2129C27B1EABA7830059ED37 = {
			isa = PBXGroup;
			children = (
				2129C2861EABA7830059ED37 /* LoginApplication */,
				2129C29B1EABA7840059ED37 /* LoginApplicationTests */,
				2129C2A61EABA7840059ED37 /* LoginApplicationUITests */,
				2129C2851EABA7830059ED37 /* Products */,
			);
			sourceTree = "<group>";
		};
		2129C2851EABA7830059ED37 /* Products */ = {
			isa = PBXGroup;
			children = (
				2129C2841EABA7830059ED37 /* LoginApplication.app */,
				2129C2981EABA7840059ED37 /* LoginApplicationTests.xctest */,
				2129C2A31EABA7840059ED37 /* LoginApplicationUITests.xctest */,
			);
			name = Products;
			sourceTree = "<group>";
		};
		2129C2861EABA7830059ED37 /* LoginApplication */ = {
			isa = PBXGroup;
			children = (
				2129C2871EABA7830059ED37 /* AppDelegate.swift */,
				2129C2891EABA7830059ED37 /* ViewController.swift */,
				2129C28B1EABA7840059ED37 /* Main.storyboard */,
				2129C28E1EABA7840059ED37 /* Assets.xcassets */,
				2129C2901EABA7840059ED37 /* LaunchScreen.storyboard */,
				2129C2931EABA7840059ED37 /* Info.plist */,
				211D3CE41EAC89480076A757 /* LoginService.swift */,
				211D3CE61EAC89780076A757 /* User.swift */,
				211D3CE81EAC899A0076A757 /* Utility.swift */,
			);
			path = LoginApplication;
			sourceTree = "<group>";
		};
		2129C29B1EABA7840059ED37 /* LoginApplicationTests */ = {
			isa = PBXGroup;
			children = (
				2129C29C1EABA7840059ED37 /* LoginApplicationTests.swift */,
				2129C29E1EABA7840059ED37 /* Info.plist */,
			);
			path = LoginApplicationTests;
			sourceTree = "<group>";
		};
		2129C2A61EABA7840059ED37 /* LoginApplicationUITests */ = {
			isa = PBXGroup;
			children = (
				2129C2A71EABA7840059ED37 /* LoginApplicationUITests.swift */,
				2129C2A91EABA7840059ED37 /* Info.plist */,
			);
			path = LoginApplicationUITests;
			sourceTree = "<group>";
		};
/* End PBXGroup section */

/* Begin PBXNativeTarget section */
		2129C2831EABA7830059ED37 /* LoginApplication */ = {
			isa = PBXNativeTarget;
			buildConfigurationList = 2129C2AC1EABA7840059ED37 /* Build configuration list for PBXNativeTarget "LoginApplication" */;
			buildPhases = (
				2129C2801EABA7830059ED37 /* Sources */,
				2129C2811EABA7830059ED37 /* Frameworks */,
				2129C2821EABA7830059ED37 /* Resources */,
			);
			buildRules = (
			);
			dependencies = (
			);
			name = LoginApplication;
			productName = LoginApplication;
			productReference = 2129C2841EABA7830059ED37 /* LoginApplication.app */;
			productType = "com.apple.product-type.application";
		};
		2129C2971EABA7840059ED37 /* LoginApplicationTests */ = {
			isa = PBXNativeTarget;
			buildConfigurationList = 2129C2AF1EABA7840059ED37 /* Build configuration list for PBXNativeTarget "LoginApplicationTests" */;
			buildPhases = (
				2129C2941EABA7840059ED37 /* Sources */,
				2129C2951EABA7840059ED37 /* Frameworks */,
				2129C2961EABA7840059ED37 /* Resources */,
			);
			buildRules = (
			);
			dependencies = (
				2129C29A1EABA7840059ED37 /* PBXTargetDependency */,
			);
			name = LoginApplicationTests;
			productName = LoginApplicationTests;
			productReference = 2129C2981EABA7840059ED37 /* LoginApplicationTests.xctest */;
			productType = "com.apple.product-type.bundle.unit-test";
		};
		2129C2A21EABA7840059ED37 /* LoginApplicationUITests */ = {
			isa = PBXNativeTarget;
			buildConfigurationList = 2129C2B21EABA7840059ED37 /* Build configuration list for PBXNativeTarget "LoginApplicationUITests" */;
			buildPhases = (
				2129C29F1EABA7840059ED37 /* Sources */,
				2129C2A01EABA7840059ED37 /* Frameworks */,
				2129C2A11EABA7840059ED37 /* Resources */,
			);
			buildRules = (
			);
			dependencies = (
				2129C2A51EABA7840059ED37 /* PBXTargetDependency */,
			);
			name = LoginApplicationUITests;
			productName = LoginApplicationUITests;
			productReference = 2129C2A31EABA7840059ED37 /* LoginApplicationUITests.xctest */;
			productType = "com.apple.product-type.bundle.ui-testing";
		};
/* End PBXNativeTarget section */

/* Begin PBXProject section */
		2129C27C1EABA7830059ED37 /* Project object */ = {
			isa = PBXProject;
			attributes = {
				LastSwiftUpdateCheck = 0820;
				LastUpgradeCheck = 0820;
				ORGANIZATIONNAME = "Pritesh Nandgaonkar";
				TargetAttributes = {
					2129C2831EABA7830059ED37 = {
						CreatedOnToolsVersion = 8.2.1;
						DevelopmentTeam = TB2282VDLT;
						ProvisioningStyle = Automatic;
					};
					2129C2971EABA7840059ED37 = {
						CreatedOnToolsVersion = 8.2.1;
						DevelopmentTeam = TB2282VDLT;
						ProvisioningStyle = Automatic;
						TestTargetID = 2129C2831EABA7830059ED37;
					};
					2129C2A21EABA7840059ED37 = {
						CreatedOnToolsVersion = 8.2.1;
						DevelopmentTeam = TB2282VDLT;
						ProvisioningStyle = Automatic;
						TestTargetID = 2129C2831EABA7830059ED37;
					};
				};
			};
			buildConfigurationList = 2129C27F1EABA7830059ED37 /* Build configuration list for PBXProject "LoginApplication" */;
			compatibilityVersion = "Xcode 3.2";
			developmentRegion = English;
			hasScannedForEncodings = 0;
			knownRegions = (
				en,
				Base,
			);
			mainGroup = 2129C27B1EABA7830059ED37;
			productRefGroup = 2129C2851EABA7830059ED37 /* Products */;
			projectDirPath = "";
			projectRoot = "";
			targets = (
				2129C2831EABA7830059ED37 /* LoginApplication */,
				2129C2971EABA7840059ED37 /* LoginApplicationTests */,
				2129C2A21EABA7840059ED37 /* LoginApplicationUITests */,
			);
		};
/* End PBXProject section */

/* Begin PBXResourcesBuildPhase section */
		2129C2821EABA7830059ED37 /* Resources */ = {
			isa = PBXResourcesBuildPhase;
			buildActionMask = 2147483647;
			files = (
				2129C2921EABA7840059ED37 /* LaunchScreen.storyboard in Resources */,
				2129C28F1EABA7840059ED37 /* Assets.xcassets in Resources */,
				2129C28D1EABA7840059ED37 /* Main.storyboard in Resources */,
			);
			runOnlyForDeploymentPostprocessing = 0;
		};
		2129C2961EABA7840059ED37 /* Resources */ = {
			isa = PBXResourcesBuildPhase;
			buildActionMask = 2147483647;
			files = (
			);
			runOnlyForDeploymentPostprocessing = 0;
		};
		2129C2A11EABA7840059ED37 /* Resources */ = {
			isa = PBXResourcesBuildPhase;
			buildActionMask = 2147483647;
			files = (
			);
			runOnlyForDeploymentPostprocessing = 0;
		};
/* End PBXResourcesBuildPhase section */

/* Begin PBXSourcesBuildPhase section */
		2129C2801EABA7830059ED37 /* Sources */ = {
			isa = PBXSourcesBuildPhase;
			buildActionMask = 2147483647;
			files = (
				211D3CE91EAC899A0076A757 /* Utility.swift in Sources */,
				211D3CE71EAC89780076A757 /* User.swift in Sources */,
				2129C28A1EABA7830059ED37 /* ViewController.swift in Sources */,
				211D3CE51EAC89480076A757 /* LoginService.swift in Sources */,
				2129C2881EABA7830059ED37 /* AppDelegate.swift in Sources */,
			);
			runOnlyForDeploymentPostprocessing = 0;
		};
		2129C2941EABA7840059ED37 /* Sources */ = {
			isa = PBXSourcesBuildPhase;
			buildActionMask = 2147483647;
			files = (
				2129C29D1EABA7840059ED37 /* LoginApplicationTests.swift in Sources */,
			);
			runOnlyForDeploymentPostprocessing = 0;
		};
		2129C29F1EABA7840059ED37 /* Sources */ = {
			isa = PBXSourcesBuildPhase;
			buildActionMask = 2147483647;
			files = (
				2129C2A81EABA7840059ED37 /* LoginApplicationUITests.swift in Sources */,
			);
			runOnlyForDeploymentPostprocessing = 0;
		};
/* End PBXSourcesBuildPhase section */

/* Begin PBXTargetDependency section */
		2129C29A1EABA7840059ED37 /* PBXTargetDependency */ = {
			isa = PBXTargetDependency;
			target = 2129C2831EABA7830059ED37 /* LoginApplication */;
			targetProxy = 2129C2991EABA7840059ED37 /* PBXContainerItemProxy */;
		};
		2129C2A51EABA7840059ED37 /* PBXTargetDependency */ = {
			isa = PBXTargetDependency;
			target = 2129C2831EABA7830059ED37 /* LoginApplication */;
			targetProxy = 2129C2A41EABA7840059ED37 /* PBXContainerItemProxy */;
		};
/* End PBXTargetDependency section */

/* Begin PBXVariantGroup section */
		2129C28B1EABA7840059ED37 /* Main.storyboard */ = {
			isa = PBXVariantGroup;
			children = (
				2129C28C1EABA7840059ED37 /* Base */,
			);
			name = Main.storyboard;
			sourceTree = "<group>";
		};
		2129C2901EABA7840059ED37 /* LaunchScreen.storyboard */ = {
			isa = PBXVariantGroup;
			children = (
				2129C2911EABA7840059ED37 /* Base */,
			);
			name = LaunchScreen.storyboard;
			sourceTree = "<group>";
		};
/* End PBXVariantGroup section */

/* Begin XCBuildConfiguration section */
		2129C2AA1EABA7840059ED37 /* Debug */ = {
			isa = XCBuildConfiguration;
			buildSettings = {
				ALWAYS_SEARCH_USER_PATHS = NO;
				CLANG_ANALYZER_NONNULL = YES;
				CLANG_CXX_LANGUAGE_STANDARD = "gnu++0x";
				CLANG_CXX_LIBRARY = "libc++";
				CLANG_ENABLE_MODULES = YES;
				CLANG_ENABLE_OBJC_ARC = YES;
				CLANG_WARN_BOOL_CONVERSION = YES;
				CLANG_WARN_CONSTANT_CONVERSION = YES;
				CLANG_WARN_DIRECT_OBJC_ISA_USAGE = YES_ERROR;
				CLANG_WARN_DOCUMENTATION_COMMENTS = YES;
				CLANG_WARN_EMPTY_BODY = YES;
				CLANG_WARN_ENUM_CONVERSION = YES;
				CLANG_WARN_INFINITE_RECURSION = YES;
				CLANG_WARN_INT_CONVERSION = YES;
				CLANG_WARN_OBJC_ROOT_CLASS = YES_ERROR;
				CLANG_WARN_SUSPICIOUS_MOVE = YES;
				CLANG_WARN_UNREACHABLE_CODE = YES;
				CLANG_WARN__DUPLICATE_METHOD_MATCH = YES;
				"CODE_SIGN_IDENTITY[sdk=iphoneos*]" = "iPhone Developer";
				COPY_PHASE_STRIP = NO;
				DEBUG_INFORMATION_FORMAT = dwarf;
				ENABLE_STRICT_OBJC_MSGSEND = YES;
				ENABLE_TESTABILITY = YES;
				GCC_C_LANGUAGE_STANDARD = gnu99;
				GCC_DYNAMIC_NO_PIC = NO;
				GCC_NO_COMMON_BLOCKS = YES;
				GCC_OPTIMIZATION_LEVEL = 0;
				GCC_PREPROCESSOR_DEFINITIONS = (
					"DEBUG=1",
					"$(inherited)",
				);
				GCC_WARN_64_TO_32_BIT_CONVERSION = YES;
				GCC_WARN_ABOUT_RETURN_TYPE = YES_ERROR;
				GCC_WARN_UNDECLARED_SELECTOR = YES;
				GCC_WARN_UNINITIALIZED_AUTOS = YES_AGGRESSIVE;
				GCC_WARN_UNUSED_FUNCTION = YES;
				GCC_WARN_UNUSED_VARIABLE = YES;
				IPHONEOS_DEPLOYMENT_TARGET = 10.2;
				MTL_ENABLE_DEBUG_INFO = YES;
				ONLY_ACTIVE_ARCH = YES;
				SDKROOT = iphoneos;
				SWIFT_ACTIVE_COMPILATION_CONDITIONS = DEBUG;
				SWIFT_OPTIMIZATION_LEVEL = "-Onone";
				TARGETED_DEVICE_FAMILY = "1,2";
			};
			name = Debug;
		};
		2129C2AB1EABA7840059ED37 /* Release */ = {
			isa = XCBuildConfiguration;
			buildSettings = {
				ALWAYS_SEARCH_USER_PATHS = NO;
				CLANG_ANALYZER_NONNULL = YES;
				CLANG_CXX_LANGUAGE_STANDARD = "gnu++0x";
				CLANG_CXX_LIBRARY = "libc++";
				CLANG_ENABLE_MODULES = YES;
				CLANG_ENABLE_OBJC_ARC = YES;
				CLANG_WARN_BOOL_CONVERSION = YES;
				CLANG_WARN_CONSTANT_CONVERSION = YES;
				CLANG_WARN_DIRECT_OBJC_ISA_USAGE = YES_ERROR;
				CLANG_WARN_DOCUMENTATION_COMMENTS = YES;
				CLANG_WARN_EMPTY_BODY = YES;
				CLANG_WARN_ENUM_CONVERSION = YES;
				CLANG_WARN_INFINITE_RECURSION = YES;
				CLANG_WARN_INT_CONVERSION = YES;
				CLANG_WARN_OBJC_ROOT_CLASS = YES_ERROR;
				CLANG_WARN_SUSPICIOUS_MOVE = YES;
				CLANG_WARN_UNREACHABLE_CODE = YES;
				CLANG_WARN__DUPLICATE_METHOD_MATCH = YES;
				"CODE_SIGN_IDENTITY[sdk=iphoneos*]" = "iPhone Developer";
				COPY_PHASE_STRIP = NO;
				DEBUG_INFORMATION_FORMAT = "dwarf-with-dsym";
				ENABLE_NS_ASSERTIONS = NO;
				ENABLE_STRICT_OBJC_MSGSEND = YES;
				GCC_C_LANGUAGE_STANDARD = gnu99;
				GCC_NO_COMMON_BLOCKS = YES;
				GCC_WARN_64_TO_32_BIT_CONVERSION = YES;
				GCC_WARN_ABOUT_RETURN_TYPE = YES_ERROR;
				GCC_WARN_UNDECLARED_SELECTOR = YES;
				GCC_WARN_UNINITIALIZED_AUTOS = YES_AGGRESSIVE;
				GCC_WARN_UNUSED_FUNCTION = YES;
				GCC_WARN_UNUSED_VARIABLE = YES;
				IPHONEOS_DEPLOYMENT_TARGET = 10.2;
				MTL_ENABLE_DEBUG_INFO = NO;
				SDKROOT = iphoneos;
				SWIFT_OPTIMIZATION_LEVEL = "-Owholemodule";
				TARGETED_DEVICE_FAMILY = "1,2";
				VALIDATE_PRODUCT = YES;
			};
			name = Release;
		};
		2129C2AD1EABA7840059ED37 /* Debug */ = {
			isa = XCBuildConfiguration;
			buildSettings = {
				ASSETCATALOG_COMPILER_APPICON_NAME = AppIcon;
				DEVELOPMENT_TEAM = TB2282VDLT;
				INFOPLIST_FILE = LoginApplication/Info.plist;
				LD_RUNPATH_SEARCH_PATHS = "$(inherited) @executable_path/Frameworks";
				PRODUCT_BUNDLE_IDENTIFIER = PN.LoginApplication;
				PRODUCT_NAME = "$(TARGET_NAME)";
				SWIFT_VERSION = 3.0;
			};
			name = Debug;
		};
		2129C2AE1EABA7840059ED37 /* Release */ = {
			isa = XCBuildConfiguration;
			buildSettings = {
				ASSETCATALOG_COMPILER_APPICON_NAME = AppIcon;
				DEVELOPMENT_TEAM = TB2282VDLT;
				INFOPLIST_FILE = LoginApplication/Info.plist;
				LD_RUNPATH_SEARCH_PATHS = "$(inherited) @executable_path/Frameworks";
				PRODUCT_BUNDLE_IDENTIFIER = PN.LoginApplication;
				PRODUCT_NAME = "$(TARGET_NAME)";
				SWIFT_VERSION = 3.0;
			};
			name = Release;
		};
		2129C2B01EABA7840059ED37 /* Debug */ = {
			isa = XCBuildConfiguration;
			buildSettings = {
				ALWAYS_EMBED_SWIFT_STANDARD_LIBRARIES = YES;
				BUNDLE_LOADER = "$(TEST_HOST)";
				DEVELOPMENT_TEAM = TB2282VDLT;
				INFOPLIST_FILE = LoginApplicationTests/Info.plist;
				LD_RUNPATH_SEARCH_PATHS = "$(inherited) @executable_path/Frameworks @loader_path/Frameworks";
				PRODUCT_BUNDLE_IDENTIFIER = PN.LoginApplicationTests;
				PRODUCT_NAME = "$(TARGET_NAME)";
				SWIFT_VERSION = 3.0;
				TEST_HOST = "$(BUILT_PRODUCTS_DIR)/LoginApplication.app/LoginApplication";
			};
			name = Debug;
		};
		2129C2B11EABA7840059ED37 /* Release */ = {
			isa = XCBuildConfiguration;
			buildSettings = {
				ALWAYS_EMBED_SWIFT_STANDARD_LIBRARIES = YES;
				BUNDLE_LOADER = "$(TEST_HOST)";
				DEVELOPMENT_TEAM = TB2282VDLT;
				INFOPLIST_FILE = LoginApplicationTests/Info.plist;
				LD_RUNPATH_SEARCH_PATHS = "$(inherited) @executable_path/Frameworks @loader_path/Frameworks";
				PRODUCT_BUNDLE_IDENTIFIER = PN.LoginApplicationTests;
				PRODUCT_NAME = "$(TARGET_NAME)";
				SWIFT_VERSION = 3.0;
				TEST_HOST = "$(BUILT_PRODUCTS_DIR)/LoginApplication.app/LoginApplication";
			};
			name = Release;
		};
		2129C2B31EABA7840059ED37 /* Debug */ = {
			isa = XCBuildConfiguration;
			buildSettings = {
				ALWAYS_EMBED_SWIFT_STANDARD_LIBRARIES = YES;
				DEVELOPMENT_TEAM = TB2282VDLT;
				INFOPLIST_FILE = LoginApplicationUITests/Info.plist;
				LD_RUNPATH_SEARCH_PATHS = "$(inherited) @executable_path/Frameworks @loader_path/Frameworks";
				PRODUCT_BUNDLE_IDENTIFIER = PN.LoginApplicationUITests;
				PRODUCT_NAME = "$(TARGET_NAME)";
				SWIFT_VERSION = 3.0;
				TEST_TARGET_NAME = LoginApplication;
			};
			name = Debug;
		};
		2129C2B41EABA7840059ED37 /* Release */ = {
			isa = XCBuildConfiguration;
			buildSettings = {
				ALWAYS_EMBED_SWIFT_STANDARD_LIBRARIES = YES;
				DEVELOPMENT_TEAM = TB2282VDLT;
				INFOPLIST_FILE = LoginApplicationUITests/Info.plist;
				LD_RUNPATH_SEARCH_PATHS = "$(inherited) @executable_path/Frameworks @loader_path/Frameworks";
				PRODUCT_BUNDLE_IDENTIFIER = PN.LoginApplicationUITests;
				PRODUCT_NAME = "$(TARGET_NAME)";
				SWIFT_VERSION = 3.0;
				TEST_TARGET_NAME = LoginApplication;
			};
			name = Release;
		};
/* End XCBuildConfiguration section */

/* Begin XCConfigurationList section */
		2129C27F1EABA7830059ED37 /* Build configuration list for PBXProject "LoginApplication" */ = {
			isa = XCConfigurationList;
			buildConfigurations = (
				2129C2AA1EABA7840059ED37 /* Debug */,
				2129C2AB1EABA7840059ED37 /* Release */,
			);
			defaultConfigurationIsVisible = 0;
			defaultConfigurationName = Release;
		};
		2129C2AC1EABA7840059ED37 /* Build configuration list for PBXNativeTarget "LoginApplication" */ = {
			isa = XCConfigurationList;
			buildConfigurations = (
				2129C2AD1EABA7840059ED37 /* Debug */,
				2129C2AE1EABA7840059ED37 /* Release */,
			);
			defaultConfigurationIsVisible = 0;
			defaultConfigurationName = Release;
		};
		2129C2AF1EABA7840059ED37 /* Build configuration list for PBXNativeTarget "LoginApplicationTests" */ = {
			isa = XCConfigurationList;
			buildConfigurations = (
				2129C2B01EABA7840059ED37 /* Debug */,
				2129C2B11EABA7840059ED37 /* Release */,
			);
			defaultConfigurationIsVisible = 0;
			defaultConfigurationName = Release;
		};
		2129C2B21EABA7840059ED37 /* Build configuration list for PBXNativeTarget "LoginApplicationUITests" */ = {
			isa = XCConfigurationList;
			buildConfigurations = (
				2129C2B31EABA7840059ED37 /* Debug */,
				2129C2B41EABA7840059ED37 /* Release */,
			);
			defaultConfigurationIsVisible = 0;
			defaultConfigurationName = Release;
		};
/* End XCConfigurationList section */
	};
	rootObject = 2129C27C1EABA7830059ED37 /* Project object */;
}
